{
  "name": "pm-resume-analyzer",
  "lockfileVersion": 3,
  "requires": true,
  "packages": {
    "": {
      "name": "pm-resume-analyzer",
      "workspaces": [
        "frontend",
        "backend"
      ]
    },
    "backend": {
      "version": "0.0.0"
    },
    "frontend": {
      "version": "0.0.0"
    },
    "node_modules/backend": {
      "resolved": "backend",
      "link": true
    },
    "node_modules/frontend": {
      "resolved": "frontend",
      "link": true
    }
  }
}
